GIT
  remote: https://github.com/danbooru/danbooru.git
  revision: cb4061ef17b284451734e10409f57e6b552b699a
  ref: cb4061ef17b284451734e10409f57e6b552b699a
  glob: lib/dtext_rb/dtext_rb.gemspec
  specs:
    dtext_rb (1.13.0)

GIT
  remote: https://github.com/shardlab/discordrb.git
  revision: 97c2856fabea08d9392248aef3d7e8cf12aa8556
  ref: 97c2856fabea08d9392248aef3d7e8cf12aa8556
  specs:
    discordrb (3.8.0)
      base64 (~> 0.2)
      discordrb-webhooks (~> 3.8.0)
      ffi (>= 1.9.24)
      opus-ruby
      rest-client (>= 2.0.0)
      websocket-client-simple (>= 0.9.0)
    discordrb-webhooks (3.8.0)
      rest-client (>= 2.0.0)

PATH
  remote: .
  specs:
    fumimi-discord (1.0.0)

GEM
  remote: https://rubygems.org/
  specs:
    activesupport (8.1.3)
      base64
      bigdecimal
      concurrent-ruby (~> 1.0, >= 1.3.1)
      connection_pool (>= 2.2.5)
      drb
      i18n (>= 1.6, < 2)
      json
      logger (>= 1.4.2)
      minitest (>= 5.1)
      securerandom (>= 0.3)
      tzinfo (~> 2.0, >= 2.0.5)
      uri (>= 0.13.1)
    addressable (2.9.0)
      public_suffix (>= 2.0.2, < 8.0)
    ast (2.4.3)
    base64 (0.3.0)
    bigdecimal (4.1.1)
    byebug (13.0.0)
      reline (>= 0.6.0)
    cmdstan (0.5.2)
      csv
    coderay (1.1.3)
    concurrent-ruby (1.3.6)
    connection_pool (3.0.2)
    csv (3.3.5)
    date (3.5.1)
    dentaku (3.5.7)
      bigdecimal
      concurrent-ruby
    domain_name (0.6.20240107)
    dotenv (3.2.0)
    drb (2.2.3)
    erb (6.0.2)
    event_emitter (0.2.6)
    ffi (1.17.4-x86_64-linux-gnu)
    http (6.0.2)
      http-cookie (~> 1.0)
      llhttp (~> 0.6.1)
    http-accept (1.7.0)
    http-cookie (1.1.4)
      domain_name (~> 0.5)
    i18n (1.14.8)
      concurrent-ruby (~> 1.0)
    io-console (0.8.2)
    json (2.19.3)
    language_server-protocol (3.17.0.5)
    lint_roller (1.1.0)
    llhttp (0.6.1)
    logger (1.7.0)
    method_source (1.1.0)
    mime-types (3.7.0)
      logger
      mime-types-data (~> 3.2025, >= 3.2025.0507)
    mime-types-data (3.2026.0407)
    minitest (6.0.3)
      drb (~> 2.0)
      prism (~> 1.5)
    minitest-mock (5.27.0)
    mutex_m (0.3.0)
    netrc (0.11.0)
    nokogiri (1.19.2-x86_64-linux-gnu)
      racc (~> 1.4)
    numo-narray-alt (0.10.3)
    opus-ruby (1.0.1)
      ffi
    ostruct (0.6.3)
    parallel (2.0.1)
    parser (3.3.11.1)
      ast (~> 2.4.1)
      racc
    prism (1.9.0)
    prophet-rb (0.7.0)
      cmdstan (>= 0.5)
      logger
      numo-narray-alt (>= 0.10)
      rover-df (>= 1)
    pry (0.16.0)
      coderay (~> 1.1)
      method_source (~> 1.0)
      reline (>= 0.6.0)
    pry-byebug (3.12.0)
      byebug (~> 13.0)
      pry (>= 0.13, < 0.17)
    psych (5.3.1)
      date
      stringio
    public_suffix (7.0.5)
    racc (1.8.1)
    rainbow (3.1.1)
    rake (13.3.1)
    rdoc (7.2.0)
      erb
      psych (>= 4.0.0)
      tsort
    regexp_parser (2.12.0)
    reline (0.6.3)
      io-console (~> 0.5)
    rest-client (2.1.0)
      http-accept (>= 1.7.0, < 2.0)
      http-cookie (>= 1.0.2, < 2.0)
      mime-types (>= 1.16, < 4.0)
      netrc (~> 0.8)
    retriable (3.4.1)
    rover-df (1.0.0)
      numo-narray-alt (>= 0.10)
    rubocop (1.86.1)
      json (~> 2.3)
      language_server-protocol (~> 3.17.0.2)
      lint_roller (~> 1.1.0)
      parallel (>= 1.10)
      parser (>= 3.3.0.2)
      rainbow (>= 2.2.2, < 4.0)
      regexp_parser (>= 2.9.3, < 3.0)
      rubocop-ast (>= 1.49.0, < 2.0)
      ruby-progressbar (~> 1.7)
      unicode-display_width (>= 2.4.0, < 4.0)
    rubocop-ast (1.49.1)
      parser (>= 3.3.7.2)
      prism (~> 1.7)
    ruby-progressbar (1.13.0)
    securerandom (0.4.1)
    stringio (3.2.0)
    tsort (0.2.0)
    tzinfo (2.0.6)
      concurrent-ruby (~> 1.0)
    unicode-display_width (3.2.0)
      unicode-emoji (~> 4.1)
    unicode-emoji (4.2.0)
    uri (1.1.1)
    websocket (1.2.11)
    websocket-client-simple (0.9.0)
      base64
      event_emitter
      mutex_m
      websocket
    zache (0.15.2)

PLATFORMS
  x86_64-linux

DEPENDENCIES
  activesupport
  addressable
  bundler
  connection_pool
  dentaku
  discordrb!
  dotenv
  dtext_rb!
  fumimi-discord!
  http
  minitest
  minitest-mock
  nokogiri
  ostruct
  prophet-rb
  pry
  pry-byebug
  rake
  rdoc
  retriable
  rubocop
  zache

BUNDLED WITH
  4.0.10
